
Microsoft Visual Studio Solution File, Format Version 12.00
# Visual Studio Version 17
VisualStudioVersion = 17.0.31903.59
MinimumVisualStudioVersion = 10.0.40219.1
Project("{FAE04EC0-301F-11D3-BF4B-00C04F79EFBC}") = "DevDad.RulesUtility", "DevDad.RulesUtility\DevDad.RulesUtility.csproj", "{B2D9A8D5-E398-4DCD-8533-6DE0F83B32BC}"
EndProject
Project("{FAE04EC0-301F-11D3-BF4B-00C04F79EFBC}") = "DevDad.RulesUtility.Tests", "DevDad.RulesUtility.Tests\DevDad.RulesUtility.Tests.csproj", "{FBD0B79B-0508-45B6-AE48-39437CD88BD2}"
EndProject
Project("{FAE04EC0-301F-11D3-BF4B-00C04F79EFBC}") = "DevDad.ValidationEngine", "DevDad.ValidationEngine\DevDad.ValidationEngine.csproj", "{AC70B1B2-32F5-48A4-B5D8-2D9B857900C2}"
EndProject
Project("{FAE04EC0-301F-11D3-BF4B-00C04F79EFBC}") = "SampleConsole", "SampleConsole\SampleConsole.csproj", "{F306A33E-121E-48BB-8DEB-C0E52D02E96D}"
EndProject
Project("{FAE04EC0-301F-11D3-BF4B-00C04F79EFBC}") = "ValidationEngineTests", "ValidationEngineTests\ValidationEngineTests.csproj", "{5C906918-256B-4BBC-909E-5BFE01585FE0}"
EndProject
Project("{FAE04EC0-301F-11D3-BF4B-00C04F79EFBC}") = "DevDad.RulesAccess.Abstractions", "DevDad.RulesAccess.Abstractions\DevDad.RulesAccess.Abstractions.csproj", "{7AFA3CB3-2340-4E92-AC77-BA74ABEB8898}"
EndProject
Global
	GlobalSection(SolutionConfigurationPlatforms) = preSolution
		Debug|Any CPU = Debug|Any CPU
		Release|Any CPU = Release|Any CPU
	EndGlobalSection
	GlobalSection(ProjectConfigurationPlatforms) = postSolution
		{B2D9A8D5-E398-4DCD-8533-6DE0F83B32BC}.Debug|Any CPU.ActiveCfg = Debug|Any CPU
		{B2D9A8D5-E398-4DCD-8533-6DE0F83B32BC}.Debug|Any CPU.Build.0 = Debug|Any CPU
		{B2D9A8D5-E398-4DCD-8533-6DE0F83B32BC}.Release|Any CPU.ActiveCfg = Release|Any CPU
		{B2D9A8D5-E398-4DCD-8533-6DE0F83B32BC}.Release|Any CPU.Build.0 = Release|Any CPU
		{FBD0B79B-0508-45B6-AE48-39437CD88BD2}.Debug|Any CPU.ActiveCfg = Debug|Any CPU
		{FBD0B79B-0508-45B6-AE48-39437CD88BD2}.Debug|Any CPU.Build.0 = Debug|Any CPU
		{FBD0B79B-0508-45B6-AE48-39437CD88BD2}.Release|Any CPU.ActiveCfg = Release|Any CPU
		{FBD0B79B-0508-45B6-AE48-39437CD88BD2}.Release|Any CPU.Build.0 = Release|Any CPU
		{AC70B1B2-32F5-48A4-B5D8-2D9B857900C2}.Debug|Any CPU.ActiveCfg = Debug|Any CPU
		{AC70B1B2-32F5-48A4-B5D8-2D9B857900C2}.Debug|Any CPU.Build.0 = Debug|Any CPU
		{AC70B1B2-32F5-48A4-B5D8-2D9B857900C2}.Release|Any CPU.ActiveCfg = Release|Any CPU
		{AC70B1B2-32F5-48A4-B5D8-2D9B857900C2}.Release|Any CPU.Build.0 = Release|Any CPU
		{F306A33E-121E-48BB-8DEB-C0E52D02E96D}.Debug|Any CPU.ActiveCfg = Debug|Any CPU
		{F306A33E-121E-48BB-8DEB-C0E52D02E96D}.Debug|Any CPU.Build.0 = Debug|Any CPU
		{F306A33E-121E-48BB-8DEB-C0E52D02E96D}.Release|Any CPU.ActiveCfg = Release|Any CPU
		{F306A33E-121E-48BB-8DEB-C0E52D02E96D}.Release|Any CPU.Build.0 = Release|Any CPU
		{5C906918-256B-4BBC-909E-5BFE01585FE0}.Debug|Any CPU.ActiveCfg = Debug|Any CPU
		{5C906918-256B-4BBC-909E-5BFE01585FE0}.Debug|Any CPU.Build.0 = Debug|Any CPU
		{5C906918-256B-4BBC-909E-5BFE01585FE0}.Release|Any CPU.ActiveCfg = Release|Any CPU
		{5C906918-256B-4BBC-909E-5BFE01585FE0}.Release|Any CPU.Build.0 = Release|Any CPU
		{7AFA3CB3-2340-4E92-AC77-BA74ABEB8898}.Debug|Any CPU.ActiveCfg = Debug|Any CPU
		{7AFA3CB3-2340-4E92-AC77-BA74ABEB8898}.Debug|Any CPU.Build.0 = Debug|Any CPU
		{7AFA3CB3-2340-4E92-AC77-BA74ABEB8898}.Release|Any CPU.ActiveCfg = Release|Any CPU
		{7AFA3CB3-2340-4E92-AC77-BA74ABEB8898}.Release|Any CPU.Build.0 = Release|Any CPU
	EndGlobalSection
	GlobalSection(SolutionProperties) = preSolution
		HideSolutionNode = FALSE
	EndGlobalSection
EndGlobal
